// !$*UTF8*$!
{
	archiveVersion = 1;
	classes = {
	};
	objectVersion = 55;
	objects = {

/* Begin PBXBuildFile section */
		9420575C27F48B6700601F4B /* AppDelegate.swift in Sources */ = {isa = PBXBuildFile; fileRef = 9420575B27F48B6700601F4B /* AppDelegate.swift */; };
		9420575E27F48B6700601F4B /* SceneDelegate.swift in Sources */ = {isa = PBXBuildFile; fileRef = 9420575D27F48B6700601F4B /* SceneDelegate.swift */; };
		9420576527F48B6A00601F4B /* Assets.xcassets in Resources */ = {isa = PBXBuildFile; fileRef = 9420576427F48B6A00601F4B /* Assets.xcassets */; };
		9420576827F48B6A00601F4B /* LaunchScreen.storyboard in Resources */ = {isa = PBXBuildFile; fileRef = 9420576627F48B6A00601F4B /* LaunchScreen.storyboard */; };
		946708372815451A007785C9 /* ImageDownloadService.swift in Sources */ = {isa = PBXBuildFile; fileRef = 946708362815451A007785C9 /* ImageDownloadService.swift */; };
		946D09FA280DACB60019297D /* MusicCell.swift in Sources */ = {isa = PBXBuildFile; fileRef = 946D09F9280DACB60019297D /* MusicCell.swift */; };
		94B1308327F48C1100AFCE67 /* ItunesQueryService.swift in Sources */ = {isa = PBXBuildFile; fileRef = 94B1308227F48C1100AFCE67 /* ItunesQueryService.swift */; };
		94B1308527F48E8000AFCE67 /* MusicTableViewController.swift in Sources */ = {isa = PBXBuildFile; fileRef = 94B1308427F48E8000AFCE67 /* MusicTableViewController.swift */; };
		94B1308727F4AB1400AFCE67 /* DetailViewController.swift in Sources */ = {isa = PBXBuildFile; fileRef = 94B1308627F4AB1400AFCE67 /* DetailViewController.swift */; };
		F3936D5E27F53D8000198D33 /* Extensions.swift in Sources */ = {isa = PBXBuildFile; fileRef = F3936D5D27F53D7F00198D33 /* Extensions.swift */; };
		F3936D6027F53E9400198D33 /* Utility.swift in Sources */ = {isa = PBXBuildFile; fileRef = F3936D5F27F53E9400198D33 /* Utility.swift */; };
/* End PBXBuildFile section */

/* Begin PBXFileReference section */
		9420575827F48B6700601F4B /* MusicList.app */ = {isa = PBXFileReference; explicitFileType = wrapper.application; includeInIndex = 0; path = MusicList.app; sourceTree = BUILT_PRODUCTS_DIR; };
		9420575B27F48B6700601F4B /* AppDelegate.swift */ = {isa = PBXFileReference; lastKnownFileType = sourcecode.swift; path = AppDelegate.swift; sourceTree = "<group>"; };
		9420575D27F48B6700601F4B /* SceneDelegate.swift */ = {isa = PBXFileReference; lastKnownFileType = sourcecode.swift; path = SceneDelegate.swift; sourceTree = "<group>"; };
		9420576427F48B6A00601F4B /* Assets.xcassets */ = {isa = PBXFileReference; lastKnownFileType = folder.assetcatalog; path = Assets.xcassets; sourceTree = "<group>"; };
		9420576727F48B6A00601F4B /* Base */ = {isa = PBXFileReference; lastKnownFileType = file.storyboard; name = Base; path = Base.lproj/LaunchScreen.storyboard; sourceTree = "<group>"; };
		9420576927F48B6A00601F4B /* Info.plist */ = {isa = PBXFileReference; lastKnownFileType = text.plist.xml; path = Info.plist; sourceTree = "<group>"; };
		946708362815451A007785C9 /* ImageDownloadService.swift */ = {isa = PBXFileReference; lastKnownFileType = sourcecode.swift; path = ImageDownloadService.swift; sourceTree = "<group>"; };
		946D09F9280DACB60019297D /* MusicCell.swift */ = {isa = PBXFileReference; lastKnownFileType = sourcecode.swift; path = MusicCell.swift; sourceTree = "<group>"; };
		94B1308227F48C1100AFCE67 /* ItunesQueryService.swift */ = {isa = PBXFileReference; lastKnownFileType = sourcecode.swift; path = ItunesQueryService.swift; sourceTree = "<group>"; };
		94B1308427F48E8000AFCE67 /* MusicTableViewController.swift */ = {isa = PBXFileReference; lastKnownFileType = sourcecode.swift; path = MusicTableViewController.swift; sourceTree = "<group>"; };
		94B1308627F4AB1400AFCE67 /* DetailViewController.swift */ = {isa = PBXFileReference; lastKnownFileType = sourcecode.swift; path = DetailViewController.swift; sourceTree = "<group>"; };
		F3936D5D27F53D7F00198D33 /* Extensions.swift */ = {isa = PBXFileReference; lastKnownFileType = sourcecode.swift; path = Extensions.swift; sourceTree = "<group>"; };
		F3936D5F27F53E9400198D33 /* Utility.swift */ = {isa = PBXFileReference; lastKnownFileType = sourcecode.swift; path = Utility.swift; sourceTree = "<group>"; };
/* End PBXFileReference section */

/* Begin PBXFrameworksBuildPhase section */
		9420575527F48B6700601F4B /* Frameworks */ = {
			isa = PBXFrameworksBuildPhase;
			buildActionMask = 2147483647;
			files = (
			);
			runOnlyForDeploymentPostprocessing = 0;
		};
/* End PBXFrameworksBuildPhase section */

/* Begin PBXGroup section */
		9420574F27F48B6700601F4B = {
			isa = PBXGroup;
			children = (
				9420575A27F48B6700601F4B /* MusicList */,
				9420575927F48B6700601F4B /* Products */,
			);
			sourceTree = "<group>";
		};
		9420575927F48B6700601F4B /* Products */ = {
			isa = PBXGroup;
			children = (
				9420575827F48B6700601F4B /* MusicList.app */,
			);
			name = Products;
			sourceTree = "<group>";
		};
		9420575A27F48B6700601F4B /* MusicList */ = {
			isa = PBXGroup;
			children = (
				94B1308127F48C0000AFCE67 /* Lib */,
				9420575B27F48B6700601F4B /* AppDelegate.swift */,
				9420575D27F48B6700601F4B /* SceneDelegate.swift */,
				94B1308427F48E8000AFCE67 /* MusicTableViewController.swift */,
				94B1308627F4AB1400AFCE67 /* DetailViewController.swift */,
				946D09F9280DACB60019297D /* MusicCell.swift */,
				F3936D5D27F53D7F00198D33 /* Extensions.swift */,
				F3936D5F27F53E9400198D33 /* Utility.swift */,
				946708362815451A007785C9 /* ImageDownloadService.swift */,
				9420576427F48B6A00601F4B /* Assets.xcassets */,
				9420576627F48B6A00601F4B /* LaunchScreen.storyboard */,
				9420576927F48B6A00601F4B /* Info.plist */,
			);
			path = MusicList;
			sourceTree = "<group>";
		};
		94B1308127F48C0000AFCE67 /* Lib */ = {
			isa = PBXGroup;
			children = (
				94B1308227F48C1100AFCE67 /* ItunesQueryService.swift */,
			);
			path = Lib;
			sourceTree = "<group>";
		};
/* End PBXGroup section */

/* Begin PBXNativeTarget section */
		9420575727F48B6700601F4B /* MusicList */ = {
			isa = PBXNativeTarget;
			buildConfigurationList = 9420576C27F48B6A00601F4B /* Build configuration list for PBXNativeTarget "MusicList" */;
			buildPhases = (
				9420575427F48B6700601F4B /* Sources */,
				9420575527F48B6700601F4B /* Frameworks */,
				9420575627F48B6700601F4B /* Resources */,
			);
			buildRules = (
			);
			dependencies = (
			);
			name = MusicList;
			productName = MusicSearch;
			productReference = 9420575827F48B6700601F4B /* MusicList.app */;
			productType = "com.apple.product-type.application";
		};
/* End PBXNativeTarget section */

/* Begin PBXProject section */
		9420575027F48B6700601F4B /* Project object */ = {
			isa = PBXProject;
			attributes = {
				BuildIndependentTargetsInParallel = 1;
				LastSwiftUpdateCheck = 1320;
				LastUpgradeCheck = 1320;
				TargetAttributes = {
					9420575727F48B6700601F4B = {
						CreatedOnToolsVersion = 13.2.1;
					};
				};
			};
			buildConfigurationList = 9420575327F48B6700601F4B /* Build configuration list for PBXProject "MusicList" */;
			compatibilityVersion = "Xcode 13.0";
			developmentRegion = en;
			hasScannedForEncodings = 0;
			knownRegions = (
				en,
				Base,
			);
			mainGroup = 9420574F27F48B6700601F4B;
			productRefGroup = 9420575927F48B6700601F4B /* Products */;
			projectDirPath = "";
			projectRoot = "";
			targets = (
				9420575727F48B6700601F4B /* MusicList */,
			);
		};
/* End PBXProject section */

/* Begin PBXResourcesBuildPhase section */
		9420575627F48B6700601F4B /* Resources */ = {
			isa = PBXResourcesBuildPhase;
			buildActionMask = 2147483647;
			files = (
				9420576827F48B6A00601F4B /* LaunchScreen.storyboard in Resources */,
				9420576527F48B6A00601F4B /* Assets.xcassets in Resources */,
			);
			runOnlyForDeploymentPostprocessing = 0;
		};
/* End PBXResourcesBuildPhase section */

/* Begin PBXSourcesBuildPhase section */
		9420575427F48B6700601F4B /* Sources */ = {
			isa = PBXSourcesBuildPhase;
			buildActionMask = 2147483647;
			files = (
				F3936D6027F53E9400198D33 /* Utility.swift in Sources */,
				9420575C27F48B6700601F4B /* AppDelegate.swift in Sources */,
				F3936D5E27F53D8000198D33 /* Extensions.swift in Sources */,
				946D09FA280DACB60019297D /* MusicCell.swift in Sources */,
				946708372815451A007785C9 /* ImageDownloadService.swift in Sources */,
				94B1308527F48E8000AFCE67 /* MusicTableViewController.swift in Sources */,
				94B1308727F4AB1400AFCE67 /* DetailViewController.swift in Sources */,
				94B1308327F48C1100AFCE67 /* ItunesQueryService.swift in Sources */,
				9420575E27F48B6700601F4B /* SceneDelegate.swift in Sources */,
			);
			runOnlyForDeploymentPostprocessing = 0;
		};
/* End PBXSourcesBuildPhase section */

/* Begin PBXVariantGroup section */
		9420576627F48B6A00601F4B /* LaunchScreen.storyboard */ = {
			isa = PBXVariantGroup;
			children = (
				9420576727F48B6A00601F4B /* Base */,
			);
			name = LaunchScreen.storyboard;
			sourceTree = "<group>";
		};
/* End PBXVariantGroup section */

/* Begin XCBuildConfiguration section */
		9420576A27F48B6A00601F4B /* Debug */ = {
			isa = XCBuildConfiguration;
			buildSettings = {
				ALWAYS_SEARCH_USER_PATHS = NO;
				CLANG_ANALYZER_NONNULL = YES;
				CLANG_ANALYZER_NUMBER_OBJECT_CONVERSION = YES_AGGRESSIVE;
				CLANG_CXX_LANGUAGE_STANDARD = "gnu++17";
				CLANG_CXX_LIBRARY = "libc++";
				CLANG_ENABLE_MODULES = YES;
				CLANG_ENABLE_OBJC_ARC = YES;
				CLANG_ENABLE_OBJC_WEAK = YES;
				CLANG_WARN_BLOCK_CAPTURE_AUTORELEASING = YES;
				CLANG_WARN_BOOL_CONVERSION = YES;
				CLANG_WARN_COMMA = YES;
				CLANG_WARN_CONSTANT_CONVERSION = YES;
				CLANG_WARN_DEPRECATED_OBJC_IMPLEMENTATIONS = YES;
				CLANG_WARN_DIRECT_OBJC_ISA_USAGE = YES_ERROR;
				CLANG_WARN_DOCUMENTATION_COMMENTS = YES;
				CLANG_WARN_EMPTY_BODY = YES;
				CLANG_WARN_ENUM_CONVERSION = YES;
				CLANG_WARN_INFINITE_RECURSION = YES;
				CLANG_WARN_INT_CONVERSION = YES;
				CLANG_WARN_NON_LITERAL_NULL_CONVERSION = YES;
				CLANG_WARN_OBJC_IMPLICIT_RETAIN_SELF = YES;
				CLANG_WARN_OBJC_LITERAL_CONVERSION = YES;
				CLANG_WARN_OBJC_ROOT_CLASS = YES_ERROR;
				CLANG_WARN_QUOTED_INCLUDE_IN_FRAMEWORK_HEADER = YES;
				CLANG_WARN_RANGE_LOOP_ANALYSIS = YES;
				CLANG_WARN_STRICT_PROTOTYPES = YES;
				CLANG_WARN_SUSPICIOUS_MOVE = YES;
				CLANG_WARN_UNGUARDED_AVAILABILITY = YES_AGGRESSIVE;
				CLANG_WARN_UNREACHABLE_CODE = YES;
				CLANG_WARN__DUPLICATE_METHOD_MATCH = YES;
				COPY_PHASE_STRIP = NO;
				DEBUG_INFORMATION_FORMAT = dwarf;
				ENABLE_STRICT_OBJC_MSGSEND = YES;
				ENABLE_TESTABILITY = YES;
				GCC_C_LANGUAGE_STANDARD = gnu11;
				GCC_DYNAMIC_NO_PIC = NO;
				GCC_NO_COMMON_BLOCKS = YES;
				GCC_OPTIMIZATION_LEVEL = 0;
				GCC_PREPROCESSOR_DEFINITIONS = (
					"DEBUG=1",
					"$(inherited)",
				);
				GCC_WARN_64_TO_32_BIT_CONVERSION = YES;
				GCC_WARN_ABOUT_RETURN_TYPE = YES_ERROR;
				GCC_WARN_UNDECLARED_SELECTOR = YES;
				GCC_WARN_UNINITIALIZED_AUTOS = YES_AGGRESSIVE;
				GCC_WARN_UNUSED_FUNCTION = YES;
				GCC_WARN_UNUSED_VARIABLE = YES;
				IPHONEOS_DEPLOYMENT_TARGET = 15.2;
				MTL_ENABLE_DEBUG_INFO = INCLUDE_SOURCE;
				MTL_FAST_MATH = YES;
				ONLY_ACTIVE_ARCH = YES;
				SDKROOT = iphoneos;
				SWIFT_ACTIVE_COMPILATION_CONDITIONS = DEBUG;
				SWIFT_OPTIMIZATION_LEVEL = "-Onone";
			};
			name = Debug;
		};
		9420576B27F48B6A00601F4B /* Release */ = {
			isa = XCBuildConfiguration;
			buildSettings = {
				ALWAYS_SEARCH_USER_PATHS = NO;
				CLANG_ANALYZER_NONNULL = YES;
				CLANG_ANALYZER_NUMBER_OBJECT_CONVERSION = YES_AGGRESSIVE;
				CLANG_CXX_LANGUAGE_STANDARD = "gnu++17";
				CLANG_CXX_LIBRARY = "libc++";
				CLANG_ENABLE_MODULES = YES;
				CLANG_ENABLE_OBJC_ARC = YES;
				CLANG_ENABLE_OBJC_WEAK = YES;
				CLANG_WARN_BLOCK_CAPTURE_AUTORELEASING = YES;
				CLANG_WARN_BOOL_CONVERSION = YES;
				CLANG_WARN_COMMA = YES;
				CLANG_WARN_CONSTANT_CONVERSION = YES;
				CLANG_WARN_DEPRECATED_OBJC_IMPLEMENTATIONS = YES;
				CLANG_WARN_DIRECT_OBJC_ISA_USAGE = YES_ERROR;
				CLANG_WARN_DOCUMENTATION_COMMENTS = YES;
				CLANG_WARN_EMPTY_BODY = YES;
				CLANG_WARN_ENUM_CONVERSION = YES;
				CLANG_WARN_INFINITE_RECURSION = YES;
				CLANG_WARN_INT_CONVERSION = YES;
				CLANG_WARN_NON_LITERAL_NULL_CONVERSION = YES;
				CLANG_WARN_OBJC_IMPLICIT_RETAIN_SELF = YES;
				CLANG_WARN_OBJC_LITERAL_CONVERSION = YES;
				CLANG_WARN_OBJC_ROOT_CLASS = YES_ERROR;
				CLANG_WARN_QUOTED_INCLUDE_IN_FRAMEWORK_HEADER = YES;
				CLANG_WARN_RANGE_LOOP_ANALYSIS = YES;
				CLANG_WARN_STRICT_PROTOTYPES = YES;
				CLANG_WARN_SUSPICIOUS_MOVE = YES;
				CLANG_WARN_UNGUARDED_AVAILABILITY = YES_AGGRESSIVE;
				CLANG_WARN_UNREACHABLE_CODE = YES;
				CLANG_WARN__DUPLICATE_METHOD_MATCH = YES;
				COPY_PHASE_STRIP = NO;
				DEBUG_INFORMATION_FORMAT = "dwarf-with-dsym";
				ENABLE_NS_ASSERTIONS = NO;
				ENABLE_STRICT_OBJC_MSGSEND = YES;
				GCC_C_LANGUAGE_STANDARD = gnu11;
				GCC_NO_COMMON_BLOCKS = YES;
				GCC_WARN_64_TO_32_BIT_CONVERSION = YES;
				GCC_WARN_ABOUT_RETURN_TYPE = YES_ERROR;
				GCC_WARN_UNDECLARED_SELECTOR = YES;
				GCC_WARN_UNINITIALIZED_AUTOS = YES_AGGRESSIVE;
				GCC_WARN_UNUSED_FUNCTION = YES;
				GCC_WARN_UNUSED_VARIABLE = YES;
				IPHONEOS_DEPLOYMENT_TARGET = 15.2;
				MTL_ENABLE_DEBUG_INFO = NO;
				MTL_FAST_MATH = YES;
				SDKROOT = iphoneos;
				SWIFT_COMPILATION_MODE = wholemodule;
				SWIFT_OPTIMIZATION_LEVEL = "-O";
				VALIDATE_PRODUCT = YES;
			};
			name = Release;
		};
		9420576D27F48B6A00601F4B /* Debug */ = {
			isa = XCBuildConfiguration;
			buildSettings = {
				ASSETCATALOG_COMPILER_APPICON_NAME = AppIcon;
				ASSETCATALOG_COMPILER_GLOBAL_ACCENT_COLOR_NAME = AccentColor;
				CODE_SIGN_STYLE = Automatic;
				CURRENT_PROJECT_VERSION = 1;
				DEVELOPMENT_TEAM = KDFS53L46Q;
				GENERATE_INFOPLIST_FILE = YES;
				INFOPLIST_FILE = MusicList/Info.plist;
				INFOPLIST_KEY_UIApplicationSupportsIndirectInputEvents = YES;
				INFOPLIST_KEY_UILaunchStoryboardName = LaunchScreen;
				INFOPLIST_KEY_UISupportedInterfaceOrientations_iPad = "UIInterfaceOrientationPortrait UIInterfaceOrientationPortraitUpsideDown UIInterfaceOrientationLandscapeLeft UIInterfaceOrientationLandscapeRight";
				INFOPLIST_KEY_UISupportedInterfaceOrientations_iPhone = "UIInterfaceOrientationPortrait UIInterfaceOrientationLandscapeLeft UIInterfaceOrientationLandscapeRight";
				LD_RUNPATH_SEARCH_PATHS = (
					"$(inherited)",
					"@executable_path/Frameworks",
				);
				MARKETING_VERSION = 1.0;
				PRODUCT_BUNDLE_IDENTIFIER = com.nick10811.MusicList;
				PRODUCT_NAME = "$(TARGET_NAME)";
				SWIFT_EMIT_LOC_STRINGS = YES;
				SWIFT_VERSION = 5.0;
				TARGETED_DEVICE_FAMILY = "1,2";
			};
			name = Debug;
		};
		9420576E27F48B6A00601F4B /* Release */ = {
			isa = XCBuildConfiguration;
			buildSettings = {
				ASSETCATALOG_COMPILER_APPICON_NAME = AppIcon;
				ASSETCATALOG_COMPILER_GLOBAL_ACCENT_COLOR_NAME = AccentColor;
				CODE_SIGN_STYLE = Automatic;
				CURRENT_PROJECT_VERSION = 1;
				DEVELOPMENT_TEAM = KDFS53L46Q;
				GENERATE_INFOPLIST_FILE = YES;
				INFOPLIST_FILE = MusicList/Info.plist;
				INFOPLIST_KEY_UIApplicationSupportsIndirectInputEvents = YES;
				INFOPLIST_KEY_UILaunchStoryboardName = LaunchScreen;
				INFOPLIST_KEY_UISupportedInterfaceOrientations_iPad = "UIInterfaceOrientationPortrait UIInterfaceOrientationPortraitUpsideDown UIInterfaceOrientationLandscapeLeft UIInterfaceOrientationLandscapeRight";
				INFOPLIST_KEY_UISupportedInterfaceOrientations_iPhone = "UIInterfaceOrientationPortrait UIInterfaceOrientationLandscapeLeft UIInterfaceOrientationLandscapeRight";
				LD_RUNPATH_SEARCH_PATHS = (
					"$(inherited)",
					"@executable_path/Frameworks",
				);
				MARKETING_VERSION = 1.0;
				PRODUCT_BUNDLE_IDENTIFIER = com.nick10811.MusicList;
				PRODUCT_NAME = "$(TARGET_NAME)";
				SWIFT_EMIT_LOC_STRINGS = YES;
				SWIFT_VERSION = 5.0;
				TARGETED_DEVICE_FAMILY = "1,2";
			};
			name = Release;
		};
/* End XCBuildConfiguration section */

/* Begin XCConfigurationList section */
		9420575327F48B6700601F4B /* Build configuration list for PBXProject "MusicList" */ = {
			isa = XCConfigurationList;
			buildConfigurations = (
				9420576A27F48B6A00601F4B /* Debug */,
				9420576B27F48B6A00601F4B /* Release */,
			);
			defaultConfigurationIsVisible = 0;
			defaultConfigurationName = Release;
		};
		9420576C27F48B6A00601F4B /* Build configuration list for PBXNativeTarget "MusicList" */ = {
			isa = XCConfigurationList;
			buildConfigurations = (
				9420576D27F48B6A00601F4B /* Debug */,
				9420576E27F48B6A00601F4B /* Release */,
			);
			defaultConfigurationIsVisible = 0;
			defaultConfigurationName = Release;
		};
/* End XCConfigurationList section */
	};
	rootObject = 9420575027F48B6700601F4B /* Project object */;
}
